// !$*UTF8*$!
{
	archiveVersion = 1;
	classes = {
	};
	objectVersion = 51;
	objects = {

/* Begin PBXBuildFile section */
		3A4B530F26F0A4E300621A14 /* AppDelegate.swift in Sources */ = {isa = PBXBuildFile; fileRef = 3A4B530E26F0A4E300621A14 /* AppDelegate.swift */; };
		3A4B531126F0A4E300621A14 /* SceneDelegate.swift in Sources */ = {isa = PBXBuildFile; fileRef = 3A4B531026F0A4E300621A14 /* SceneDelegate.swift */; };
		3A4B531326F0A4E300621A14 /* FirstViewController.swift in Sources */ = {isa = PBXBuildFile; fileRef = 3A4B531226F0A4E300621A14 /* FirstViewController.swift */; };
		3A4B531626F0A4E300621A14 /* Main.storyboard in Resources */ = {isa = PBXBuildFile; fileRef = 3A4B531426F0A4E300621A14 /* Main.storyboard */; };
		3A4B531826F0A4E700621A14 /* Assets.xcassets in Resources */ = {isa = PBXBuildFile; fileRef = 3A4B531726F0A4E700621A14 /* Assets.xcassets */; };
		3A4B531B26F0A4E700621A14 /* LaunchScreen.storyboard in Resources */ = {isa = PBXBuildFile; fileRef = 3A4B531926F0A4E700621A14 /* LaunchScreen.storyboard */; };
		3A4B532326F0A6E100621A14 /* Networking.swift in Sources */ = {isa = PBXBuildFile; fileRef = 3A4B532226F0A6E100621A14 /* Networking.swift */; };
		3A4B532526F0A6EE00621A14 /* SecondViewController.swift in Sources */ = {isa = PBXBuildFile; fileRef = 3A4B532426F0A6EE00621A14 /* SecondViewController.swift */; };
		3A4B532926F0B84B00621A14 /* Model.swift in Sources */ = {isa = PBXBuildFile; fileRef = 3A4B532826F0B84B00621A14 /* Model.swift */; };
		3A4B532B26F0BC1F00621A14 /* Modeling.swift in Sources */ = {isa = PBXBuildFile; fileRef = 3A4B532A26F0BC1F00621A14 /* Modeling.swift */; };
		3A4B532E26F0D86E00621A14 /* CollectionViewCell.swift in Sources */ = {isa = PBXBuildFile; fileRef = 3A4B532D26F0D86E00621A14 /* CollectionViewCell.swift */; };
		F2507534EDF697573A17B071 /* Pods_testFor2Mem.framework in Frameworks */ = {isa = PBXBuildFile; fileRef = 2084946107B21DE074A5B3D6 /* Pods_testFor2Mem.framework */; };
/* End PBXBuildFile section */

/* Begin PBXFileReference section */
		2084946107B21DE074A5B3D6 /* Pods_testFor2Mem.framework */ = {isa = PBXFileReference; explicitFileType = wrapper.framework; includeInIndex = 0; path = Pods_testFor2Mem.framework; sourceTree = BUILT_PRODUCTS_DIR; };
		3A4B530B26F0A4E300621A14 /* testFor2Mem.app */ = {isa = PBXFileReference; explicitFileType = wrapper.application; includeInIndex = 0; path = testFor2Mem.app; sourceTree = BUILT_PRODUCTS_DIR; };
		3A4B530E26F0A4E300621A14 /* AppDelegate.swift */ = {isa = PBXFileReference; lastKnownFileType = sourcecode.swift; path = AppDelegate.swift; sourceTree = "<group>"; };
		3A4B531026F0A4E300621A14 /* SceneDelegate.swift */ = {isa = PBXFileReference; lastKnownFileType = sourcecode.swift; path = SceneDelegate.swift; sourceTree = "<group>"; };
		3A4B531226F0A4E300621A14 /* FirstViewController.swift */ = {isa = PBXFileReference; lastKnownFileType = sourcecode.swift; path = FirstViewController.swift; sourceTree = "<group>"; };
		3A4B531526F0A4E300621A14 /* Base */ = {isa = PBXFileReference; lastKnownFileType = file.storyboard; name = Base; path = Base.lproj/Main.storyboard; sourceTree = "<group>"; };
		3A4B531726F0A4E700621A14 /* Assets.xcassets */ = {isa = PBXFileReference; lastKnownFileType = folder.assetcatalog; path = Assets.xcassets; sourceTree = "<group>"; };
		3A4B531A26F0A4E700621A14 /* Base */ = {isa = PBXFileReference; lastKnownFileType = file.storyboard; name = Base; path = Base.lproj/LaunchScreen.storyboard; sourceTree = "<group>"; };
		3A4B531C26F0A4E700621A14 /* Info.plist */ = {isa = PBXFileReference; lastKnownFileType = text.plist.xml; path = Info.plist; sourceTree = "<group>"; };
		3A4B532226F0A6E100621A14 /* Networking.swift */ = {isa = PBXFileReference; lastKnownFileType = sourcecode.swift; path = Networking.swift; sourceTree = "<group>"; };
		3A4B532426F0A6EE00621A14 /* SecondViewController.swift */ = {isa = PBXFileReference; lastKnownFileType = sourcecode.swift; path = SecondViewController.swift; sourceTree = "<group>"; };
		3A4B532826F0B84B00621A14 /* Model.swift */ = {isa = PBXFileReference; lastKnownFileType = sourcecode.swift; path = Model.swift; sourceTree = "<group>"; };
		3A4B532A26F0BC1F00621A14 /* Modeling.swift */ = {isa = PBXFileReference; lastKnownFileType = sourcecode.swift; path = Modeling.swift; sourceTree = "<group>"; };
		3A4B532D26F0D86E00621A14 /* CollectionViewCell.swift */ = {isa = PBXFileReference; lastKnownFileType = sourcecode.swift; path = CollectionViewCell.swift; sourceTree = "<group>"; };
		78810B137B75E6B357C6B9D3 /* Pods-testFor2Mem.release.xcconfig */ = {isa = PBXFileReference; includeInIndex = 1; lastKnownFileType = text.xcconfig; name = "Pods-testFor2Mem.release.xcconfig"; path = "Target Support Files/Pods-testFor2Mem/Pods-testFor2Mem.release.xcconfig"; sourceTree = "<group>"; };
		D7EFC7196531B3B47EEDAAF7 /* Pods-testFor2Mem.debug.xcconfig */ = {isa = PBXFileReference; includeInIndex = 1; lastKnownFileType = text.xcconfig; name = "Pods-testFor2Mem.debug.xcconfig"; path = "Target Support Files/Pods-testFor2Mem/Pods-testFor2Mem.debug.xcconfig"; sourceTree = "<group>"; };
/* End PBXFileReference section */

/* Begin PBXFrameworksBuildPhase section */
		3A4B530826F0A4E300621A14 /* Frameworks */ = {
			isa = PBXFrameworksBuildPhase;
			buildActionMask = 2147483647;
			files = (
				F2507534EDF697573A17B071 /* Pods_testFor2Mem.framework in Frameworks */,
			);
			runOnlyForDeploymentPostprocessing = 0;
		};
/* End PBXFrameworksBuildPhase section */

/* Begin PBXGroup section */
		3A4B530226F0A4E200621A14 = {
			isa = PBXGroup;
			children = (
				3A4B530D26F0A4E300621A14 /* testFor2Mem */,
				3A4B530C26F0A4E300621A14 /* Products */,
				C54102731CB83FEED13A572E /* Pods */,
				DACB8E31826FC0FB978D534E /* Frameworks */,
			);
			sourceTree = "<group>";
		};
		3A4B530C26F0A4E300621A14 /* Products */ = {
			isa = PBXGroup;
			children = (
				3A4B530B26F0A4E300621A14 /* testFor2Mem.app */,
			);
			name = Products;
			sourceTree = "<group>";
		};
		3A4B530D26F0A4E300621A14 /* testFor2Mem */ = {
			isa = PBXGroup;
			children = (
				3A4B530E26F0A4E300621A14 /* AppDelegate.swift */,
				3A4B531026F0A4E300621A14 /* SceneDelegate.swift */,
				3A4B532C26F0BC2500621A14 /* Model */,
				3A4B532726F0A71100621A14 /* Network */,
				3A4B532626F0A6FC00621A14 /* View */,
				3A4B531426F0A4E300621A14 /* Main.storyboard */,
				3A4B531726F0A4E700621A14 /* Assets.xcassets */,
				3A4B531926F0A4E700621A14 /* LaunchScreen.storyboard */,
				3A4B531C26F0A4E700621A14 /* Info.plist */,
			);
			path = testFor2Mem;
			sourceTree = "<group>";
		};
		3A4B532626F0A6FC00621A14 /* View */ = {
			isa = PBXGroup;
			children = (
				3A4B532D26F0D86E00621A14 /* CollectionViewCell.swift */,
				3A4B531226F0A4E300621A14 /* FirstViewController.swift */,
				3A4B532426F0A6EE00621A14 /* SecondViewController.swift */,
			);
			path = View;
			sourceTree = "<group>";
		};
		3A4B532726F0A71100621A14 /* Network */ = {
			isa = PBXGroup;
			children = (
				3A4B532226F0A6E100621A14 /* Networking.swift */,
				3A4B532826F0B84B00621A14 /* Model.swift */,
			);
			path = Network;
			sourceTree = "<group>";
		};
		3A4B532C26F0BC2500621A14 /* Model */ = {
			isa = PBXGroup;
			children = (
				3A4B532A26F0BC1F00621A14 /* Modeling.swift */,
			);
			path = Model;
			sourceTree = "<group>";
		};
		C54102731CB83FEED13A572E /* Pods */ = {
			isa = PBXGroup;
			children = (
				D7EFC7196531B3B47EEDAAF7 /* Pods-testFor2Mem.debug.xcconfig */,
				78810B137B75E6B357C6B9D3 /* Pods-testFor2Mem.release.xcconfig */,
			);
			path = Pods;
			sourceTree = "<group>";
		};
		DACB8E31826FC0FB978D534E /* Frameworks */ = {
			isa = PBXGroup;
			children = (
				2084946107B21DE074A5B3D6 /* Pods_testFor2Mem.framework */,
			);
			name = Frameworks;
			sourceTree = "<group>";
		};
/* End PBXGroup section */

/* Begin PBXNativeTarget section */
		3A4B530A26F0A4E300621A14 /* testFor2Mem */ = {
			isa = PBXNativeTarget;
			buildConfigurationList = 3A4B531F26F0A4E700621A14 /* Build configuration list for PBXNativeTarget "testFor2Mem" */;
			buildPhases = (
				56D801CB37966A7A4F05430F /* [CP] Check Pods Manifest.lock */,
				3A4B530726F0A4E300621A14 /* Sources */,
				3A4B530826F0A4E300621A14 /* Frameworks */,
				3A4B530926F0A4E300621A14 /* Resources */,
				EC1D408D3C5D96E5EEC3B3F7 /* [CP] Embed Pods Frameworks */,
			);
			buildRules = (
			);
			dependencies = (
			);
			name = testFor2Mem;
			productName = testFor2Mem;
			productReference = 3A4B530B26F0A4E300621A14 /* testFor2Mem.app */;
			productType = "com.apple.product-type.application";
		};
/* End PBXNativeTarget section */

/* Begin PBXProject section */
		3A4B530326F0A4E200621A14 /* Project object */ = {
			isa = PBXProject;
			attributes = {
				LastSwiftUpdateCheck = 1250;
				LastUpgradeCheck = 1250;
				TargetAttributes = {
					3A4B530A26F0A4E300621A14 = {
						CreatedOnToolsVersion = 12.5;
					};
				};
			};
			buildConfigurationList = 3A4B530626F0A4E200621A14 /* Build configuration list for PBXProject "testFor2Mem" */;
			compatibilityVersion = "Xcode 9.3";
			developmentRegion = en;
			hasScannedForEncodings = 0;
			knownRegions = (
				en,
				Base,
			);
			mainGroup = 3A4B530226F0A4E200621A14;
			productRefGroup = 3A4B530C26F0A4E300621A14 /* Products */;
			projectDirPath = "";
			projectRoot = "";
			targets = (
				3A4B530A26F0A4E300621A14 /* testFor2Mem */,
			);
		};
/* End PBXProject section */

/* Begin PBXResourcesBuildPhase section */
		3A4B530926F0A4E300621A14 /* Resources */ = {
			isa = PBXResourcesBuildPhase;
			buildActionMask = 2147483647;
			files = (
				3A4B531B26F0A4E700621A14 /* LaunchScreen.storyboard in Resources */,
				3A4B531826F0A4E700621A14 /* Assets.xcassets in Resources */,
				3A4B531626F0A4E300621A14 /* Main.storyboard in Resources */,
			);
			runOnlyForDeploymentPostprocessing = 0;
		};
/* End PBXResourcesBuildPhase section */

/* Begin PBXShellScriptBuildPhase section */
		56D801CB37966A7A4F05430F /* [CP] Check Pods Manifest.lock */ = {
			isa = PBXShellScriptBuildPhase;
			buildActionMask = 2147483647;
			files = (
			);
			inputFileListPaths = (
			);
			inputPaths = (
				"${PODS_PODFILE_DIR_PATH}/Podfile.lock",
				"${PODS_ROOT}/Manifest.lock",
			);
			name = "[CP] Check Pods Manifest.lock";
			outputFileListPaths = (
			);
			outputPaths = (
				"$(DERIVED_FILE_DIR)/Pods-testFor2Mem-checkManifestLockResult.txt",
			);
			runOnlyForDeploymentPostprocessing = 0;
			shellPath = /bin/sh;
			shellScript = "diff \"${PODS_PODFILE_DIR_PATH}/Podfile.lock\" \"${PODS_ROOT}/Manifest.lock\" > /dev/null\nif [ $? != 0 ] ; then\n    # print error to STDERR\n    echo \"error: The sandbox is not in sync with the Podfile.lock. Run 'pod install' or update your CocoaPods installation.\" >&2\n    exit 1\nfi\n# This output is used by Xcode 'outputs' to avoid re-running this script phase.\necho \"SUCCESS\" > \"${SCRIPT_OUTPUT_FILE_0}\"\n";
			showEnvVarsInLog = 0;
		};
		EC1D408D3C5D96E5EEC3B3F7 /* [CP] Embed Pods Frameworks */ = {
			isa = PBXShellScriptBuildPhase;
			buildActionMask = 2147483647;
			files = (
			);
			inputFileListPaths = (
				"${PODS_ROOT}/Target Support Files/Pods-testFor2Mem/Pods-testFor2Mem-frameworks-${CONFIGURATION}-input-files.xcfilelist",
			);
			name = "[CP] Embed Pods Frameworks";
			outputFileListPaths = (
				"${PODS_ROOT}/Target Support Files/Pods-testFor2Mem/Pods-testFor2Mem-frameworks-${CONFIGURATION}-output-files.xcfilelist",
			);
			runOnlyForDeploymentPostprocessing = 0;
			shellPath = /bin/sh;
			shellScript = "\"${PODS_ROOT}/Target Support Files/Pods-testFor2Mem/Pods-testFor2Mem-frameworks.sh\"\n";
			showEnvVarsInLog = 0;
		};
/* End PBXShellScriptBuildPhase section */

/* Begin PBXSourcesBuildPhase section */
		3A4B530726F0A4E300621A14 /* Sources */ = {
			isa = PBXSourcesBuildPhase;
			buildActionMask = 2147483647;
			files = (
				3A4B531326F0A4E300621A14 /* FirstViewController.swift in Sources */,
				3A4B530F26F0A4E300621A14 /* AppDelegate.swift in Sources */,
				3A4B532E26F0D86E00621A14 /* CollectionViewCell.swift in Sources */,
				3A4B531126F0A4E300621A14 /* SceneDelegate.swift in Sources */,
				3A4B532926F0B84B00621A14 /* Model.swift in Sources */,
				3A4B532B26F0BC1F00621A14 /* Modeling.swift in Sources */,
				3A4B532526F0A6EE00621A14 /* SecondViewController.swift in Sources */,
				3A4B532326F0A6E100621A14 /* Networking.swift in Sources */,
			);
			runOnlyForDeploymentPostprocessing = 0;
		};
/* End PBXSourcesBuildPhase section */

/* Begin PBXVariantGroup section */
		3A4B531426F0A4E300621A14 /* Main.storyboard */ = {
			isa = PBXVariantGroup;
			children = (
				3A4B531526F0A4E300621A14 /* Base */,
			);
			name = Main.storyboard;
			sourceTree = "<group>";
		};
		3A4B531926F0A4E700621A14 /* LaunchScreen.storyboard */ = {
			isa = PBXVariantGroup;
			children = (
				3A4B531A26F0A4E700621A14 /* Base */,
			);
			name = LaunchScreen.storyboard;
			sourceTree = "<group>";
		};
/* End PBXVariantGroup section */

/* Begin XCBuildConfiguration section */
		3A4B531D26F0A4E700621A14 /* Debug */ = {
			isa = XCBuildConfiguration;
			buildSettings = {
				ALWAYS_SEARCH_USER_PATHS = NO;
				CLANG_ANALYZER_NONNULL = YES;
				CLANG_ANALYZER_NUMBER_OBJECT_CONVERSION = YES_AGGRESSIVE;
				CLANG_CXX_LANGUAGE_STANDARD = "gnu++14";
				CLANG_CXX_LIBRARY = "libc++";
				CLANG_ENABLE_MODULES = YES;
				CLANG_ENABLE_OBJC_ARC = YES;
				CLANG_ENABLE_OBJC_WEAK = YES;
				CLANG_WARN_BLOCK_CAPTURE_AUTORELEASING = YES;
				CLANG_WARN_BOOL_CONVERSION = YES;
				CLANG_WARN_COMMA = YES;
				CLANG_WARN_CONSTANT_CONVERSION = YES;
				CLANG_WARN_DEPRECATED_OBJC_IMPLEMENTATIONS = YES;
				CLANG_WARN_DIRECT_OBJC_ISA_USAGE = YES_ERROR;
				CLANG_WARN_DOCUMENTATION_COMMENTS = YES;
				CLANG_WARN_EMPTY_BODY = YES;
				CLANG_WARN_ENUM_CONVERSION = YES;
				CLANG_WARN_INFINITE_RECURSION = YES;
				CLANG_WARN_INT_CONVERSION = YES;
				CLANG_WARN_NON_LITERAL_NULL_CONVERSION = YES;
				CLANG_WARN_OBJC_IMPLICIT_RETAIN_SELF = YES;
				CLANG_WARN_OBJC_LITERAL_CONVERSION = YES;
				CLANG_WARN_OBJC_ROOT_CLASS = YES_ERROR;
				CLANG_WARN_QUOTED_INCLUDE_IN_FRAMEWORK_HEADER = YES;
				CLANG_WARN_RANGE_LOOP_ANALYSIS = YES;
				CLANG_WARN_STRICT_PROTOTYPES = YES;
				CLANG_WARN_SUSPICIOUS_MOVE = YES;
				CLANG_WARN_UNGUARDED_AVAILABILITY = YES_AGGRESSIVE;
				CLANG_WARN_UNREACHABLE_CODE = YES;
				CLANG_WARN__DUPLICATE_METHOD_MATCH = YES;
				COPY_PHASE_STRIP = NO;
				DEBUG_INFORMATION_FORMAT = dwarf;
				ENABLE_STRICT_OBJC_MSGSEND = YES;
				ENABLE_TESTABILITY = YES;
				GCC_C_LANGUAGE_STANDARD = gnu11;
				GCC_DYNAMIC_NO_PIC = NO;
				GCC_NO_COMMON_BLOCKS = YES;
				GCC_OPTIMIZATION_LEVEL = 0;
				GCC_PREPROCESSOR_DEFINITIONS = (
					"DEBUG=1",
					"$(inherited)",
				);
				GCC_WARN_64_TO_32_BIT_CONVERSION = YES;
				GCC_WARN_ABOUT_RETURN_TYPE = YES_ERROR;
				GCC_WARN_UNDECLARED_SELECTOR = YES;
				GCC_WARN_UNINITIALIZED_AUTOS = YES_AGGRESSIVE;
				GCC_WARN_UNUSED_FUNCTION = YES;
				GCC_WARN_UNUSED_VARIABLE = YES;
				IPHONEOS_DEPLOYMENT_TARGET = 14.5;
				MTL_ENABLE_DEBUG_INFO = INCLUDE_SOURCE;
				MTL_FAST_MATH = YES;
				ONLY_ACTIVE_ARCH = YES;
				SDKROOT = iphoneos;
				SWIFT_ACTIVE_COMPILATION_CONDITIONS = DEBUG;
				SWIFT_OPTIMIZATION_LEVEL = "-Onone";
			};
			name = Debug;
		};
		3A4B531E26F0A4E700621A14 /* Release */ = {
			isa = XCBuildConfiguration;
			buildSettings = {
				ALWAYS_SEARCH_USER_PATHS = NO;
				CLANG_ANALYZER_NONNULL = YES;
				CLANG_ANALYZER_NUMBER_OBJECT_CONVERSION = YES_AGGRESSIVE;
				CLANG_CXX_LANGUAGE_STANDARD = "gnu++14";
				CLANG_CXX_LIBRARY = "libc++";
				CLANG_ENABLE_MODULES = YES;
				CLANG_ENABLE_OBJC_ARC = YES;
				CLANG_ENABLE_OBJC_WEAK = YES;
				CLANG_WARN_BLOCK_CAPTURE_AUTORELEASING = YES;
				CLANG_WARN_BOOL_CONVERSION = YES;
				CLANG_WARN_COMMA = YES;
				CLANG_WARN_CONSTANT_CONVERSION = YES;
				CLANG_WARN_DEPRECATED_OBJC_IMPLEMENTATIONS = YES;
				CLANG_WARN_DIRECT_OBJC_ISA_USAGE = YES_ERROR;
				CLANG_WARN_DOCUMENTATION_COMMENTS = YES;
				CLANG_WARN_EMPTY_BODY = YES;
				CLANG_WARN_ENUM_CONVERSION = YES;
				CLANG_WARN_INFINITE_RECURSION = YES;
				CLANG_WARN_INT_CONVERSION = YES;
				CLANG_WARN_NON_LITERAL_NULL_CONVERSION = YES;
				CLANG_WARN_OBJC_IMPLICIT_RETAIN_SELF = YES;
				CLANG_WARN_OBJC_LITERAL_CONVERSION = YES;
				CLANG_WARN_OBJC_ROOT_CLASS = YES_ERROR;
				CLANG_WARN_QUOTED_INCLUDE_IN_FRAMEWORK_HEADER = YES;
				CLANG_WARN_RANGE_LOOP_ANALYSIS = YES;
				CLANG_WARN_STRICT_PROTOTYPES = YES;
				CLANG_WARN_SUSPICIOUS_MOVE = YES;
				CLANG_WARN_UNGUARDED_AVAILABILITY = YES_AGGRESSIVE;
				CLANG_WARN_UNREACHABLE_CODE = YES;
				CLANG_WARN__DUPLICATE_METHOD_MATCH = YES;
				COPY_PHASE_STRIP = NO;
				DEBUG_INFORMATION_FORMAT = "dwarf-with-dsym";
				ENABLE_NS_ASSERTIONS = NO;
				ENABLE_STRICT_OBJC_MSGSEND = YES;
				GCC_C_LANGUAGE_STANDARD = gnu11;
				GCC_NO_COMMON_BLOCKS = YES;
				GCC_WARN_64_TO_32_BIT_CONVERSION = YES;
				GCC_WARN_ABOUT_RETURN_TYPE = YES_ERROR;
				GCC_WARN_UNDECLARED_SELECTOR = YES;
				GCC_WARN_UNINITIALIZED_AUTOS = YES_AGGRESSIVE;
				GCC_WARN_UNUSED_FUNCTION = YES;
				GCC_WARN_UNUSED_VARIABLE = YES;
				IPHONEOS_DEPLOYMENT_TARGET = 14.5;
				MTL_ENABLE_DEBUG_INFO = NO;
				MTL_FAST_MATH = YES;
				SDKROOT = iphoneos;
				SWIFT_COMPILATION_MODE = wholemodule;
				SWIFT_OPTIMIZATION_LEVEL = "-O";
				VALIDATE_PRODUCT = YES;
			};
			name = Release;
		};
		3A4B532026F0A4E700621A14 /* Debug */ = {
			isa = XCBuildConfiguration;
			baseConfigurationReference = D7EFC7196531B3B47EEDAAF7 /* Pods-testFor2Mem.debug.xcconfig */;
			buildSettings = {
				ASSETCATALOG_COMPILER_APPICON_NAME = AppIcon;
				ASSETCATALOG_COMPILER_GLOBAL_ACCENT_COLOR_NAME = AccentColor;
				CODE_SIGN_STYLE = Automatic;
				DEVELOPMENT_TEAM = B4PM995X65;
				INFOPLIST_FILE = testFor2Mem/Info.plist;
				LD_RUNPATH_SEARCH_PATHS = (
					"$(inherited)",
					"@executable_path/Frameworks",
				);
				PRODUCT_BUNDLE_IDENTIFIER = TTM.testFor2Mem;
				PRODUCT_NAME = "$(TARGET_NAME)";
				SWIFT_VERSION = 5.0;
				TARGETED_DEVICE_FAMILY = "1,2";
			};
			name = Debug;
		};
		3A4B532126F0A4E700621A14 /* Release */ = {
			isa = XCBuildConfiguration;
			baseConfigurationReference = 78810B137B75E6B357C6B9D3 /* Pods-testFor2Mem.release.xcconfig */;
			buildSettings = {
				ASSETCATALOG_COMPILER_APPICON_NAME = AppIcon;
				ASSETCATALOG_COMPILER_GLOBAL_ACCENT_COLOR_NAME = AccentColor;
				CODE_SIGN_STYLE = Automatic;
				DEVELOPMENT_TEAM = B4PM995X65;
				INFOPLIST_FILE = testFor2Mem/Info.plist;
				LD_RUNPATH_SEARCH_PATHS = (
					"$(inherited)",
					"@executable_path/Frameworks",
				);
				PRODUCT_BUNDLE_IDENTIFIER = TTM.testFor2Mem;
				PRODUCT_NAME = "$(TARGET_NAME)";
				SWIFT_VERSION = 5.0;
				TARGETED_DEVICE_FAMILY = "1,2";
			};
			name = Release;
		};
/* End XCBuildConfiguration section */

/* Begin XCConfigurationList section */
		3A4B530626F0A4E200621A14 /* Build configuration list for PBXProject "testFor2Mem" */ = {
			isa = XCConfigurationList;
			buildConfigurations = (
				3A4B531D26F0A4E700621A14 /* Debug */,
				3A4B531E26F0A4E700621A14 /* Release */,
			);
			defaultConfigurationIsVisible = 0;
			defaultConfigurationName = Release;
		};
		3A4B531F26F0A4E700621A14 /* Build configuration list for PBXNativeTarget "testFor2Mem" */ = {
			isa = XCConfigurationList;
			buildConfigurations = (
				3A4B532026F0A4E700621A14 /* Debug */,
				3A4B532126F0A4E700621A14 /* Release */,
			);
			defaultConfigurationIsVisible = 0;
			defaultConfigurationName = Release;
		};
/* End XCConfigurationList section */
	};
	rootObject = 3A4B530326F0A4E200621A14 /* Project object */;
}
